// !$*UTF8*$!
{
	archiveVersion = 1;
	classes = {
	};
	objectVersion = 46;
	objects = {

/* Begin PBXBuildFile section */
		F46AF4681DE6EEEA0067BBA7 /* main.m in Sources */ = {isa = PBXBuildFile; fileRef = F46AF4671DE6EEEA0067BBA7 /* main.m */; };
		F46AF46B1DE6EEEA0067BBA7 /* AppDelegate.m in Sources */ = {isa = PBXBuildFile; fileRef = F46AF46A1DE6EEEA0067BBA7 /* AppDelegate.m */; };
		F46AF46E1DE6EEEA0067BBA7 /* ViewController.m in Sources */ = {isa = PBXBuildFile; fileRef = F46AF46D1DE6EEEA0067BBA7 /* ViewController.m */; };
		F46AF4711DE6EEEA0067BBA7 /* Main.storyboard in Resources */ = {isa = PBXBuildFile; fileRef = F46AF46F1DE6EEEA0067BBA7 /* Main.storyboard */; };
		F46AF4731DE6EEEA0067BBA7 /* Assets.xcassets in Resources */ = {isa = PBXBuildFile; fileRef = F46AF4721DE6EEEA0067BBA7 /* Assets.xcassets */; };
		F46AF4761DE6EEEA0067BBA7 /* LaunchScreen.storyboard in Resources */ = {isa = PBXBuildFile; fileRef = F46AF4741DE6EEEA0067BBA7 /* LaunchScreen.storyboard */; };
		F46AF4801DE6EF1F0067BBA7 /* SMAsyncLayer.m in Sources */ = {isa = PBXBuildFile; fileRef = F46AF47F1DE6EF1F0067BBA7 /* SMAsyncLayer.m */; };
		F46AF4831DE6F00B0067BBA7 /* SMTextLayout.m in Sources */ = {isa = PBXBuildFile; fileRef = F46AF4821DE6F00B0067BBA7 /* SMTextLayout.m */; };
		F46AF4861DE6F06A0067BBA7 /* SMTextContainer.m in Sources */ = {isa = PBXBuildFile; fileRef = F46AF4851DE6F06A0067BBA7 /* SMTextContainer.m */; };
		F46AF4891DE6F08F0067BBA7 /* SMTextStorage.m in Sources */ = {isa = PBXBuildFile; fileRef = F46AF4881DE6F08F0067BBA7 /* SMTextStorage.m */; };
		F4C910371DE811BB00514987 /* SMAsyncLabel.m in Sources */ = {isa = PBXBuildFile; fileRef = F4C910361DE811BB00514987 /* SMAsyncLabel.m */; };
/* End PBXBuildFile section */

/* Begin PBXFileReference section */
		F46AF4631DE6EEEA0067BBA7 /* SMAsyncLabel.app */ = {isa = PBXFileReference; explicitFileType = wrapper.application; includeInIndex = 0; path = SMAsyncLabel.app; sourceTree = BUILT_PRODUCTS_DIR; };
		F46AF4671DE6EEEA0067BBA7 /* main.m */ = {isa = PBXFileReference; lastKnownFileType = sourcecode.c.objc; path = main.m; sourceTree = "<group>"; };
		F46AF4691DE6EEEA0067BBA7 /* AppDelegate.h */ = {isa = PBXFileReference; lastKnownFileType = sourcecode.c.h; path = AppDelegate.h; sourceTree = "<group>"; };
		F46AF46A1DE6EEEA0067BBA7 /* AppDelegate.m */ = {isa = PBXFileReference; lastKnownFileType = sourcecode.c.objc; path = AppDelegate.m; sourceTree = "<group>"; };
		F46AF46C1DE6EEEA0067BBA7 /* ViewController.h */ = {isa = PBXFileReference; lastKnownFileType = sourcecode.c.h; path = ViewController.h; sourceTree = "<group>"; };
		F46AF46D1DE6EEEA0067BBA7 /* ViewController.m */ = {isa = PBXFileReference; lastKnownFileType = sourcecode.c.objc; path = ViewController.m; sourceTree = "<group>"; };
		F46AF4701DE6EEEA0067BBA7 /* Base */ = {isa = PBXFileReference; lastKnownFileType = file.storyboard; name = Base; path = Base.lproj/Main.storyboard; sourceTree = "<group>"; };
		F46AF4721DE6EEEA0067BBA7 /* Assets.xcassets */ = {isa = PBXFileReference; lastKnownFileType = folder.assetcatalog; path = Assets.xcassets; sourceTree = "<group>"; };
		F46AF4751DE6EEEA0067BBA7 /* Base */ = {isa = PBXFileReference; lastKnownFileType = file.storyboard; name = Base; path = Base.lproj/LaunchScreen.storyboard; sourceTree = "<group>"; };
		F46AF4771DE6EEEA0067BBA7 /* Info.plist */ = {isa = PBXFileReference; lastKnownFileType = text.plist.xml; path = Info.plist; sourceTree = "<group>"; };
		F46AF47E1DE6EF1F0067BBA7 /* SMAsyncLayer.h */ = {isa = PBXFileReference; fileEncoding = 4; lastKnownFileType = sourcecode.c.h; path = SMAsyncLayer.h; sourceTree = "<group>"; };
		F46AF47F1DE6EF1F0067BBA7 /* SMAsyncLayer.m */ = {isa = PBXFileReference; fileEncoding = 4; lastKnownFileType = sourcecode.c.objc; path = SMAsyncLayer.m; sourceTree = "<group>"; };
		F46AF4811DE6F00B0067BBA7 /* SMTextLayout.h */ = {isa = PBXFileReference; fileEncoding = 4; lastKnownFileType = sourcecode.c.h; path = SMTextLayout.h; sourceTree = "<group>"; };
		F46AF4821DE6F00B0067BBA7 /* SMTextLayout.m */ = {isa = PBXFileReference; fileEncoding = 4; lastKnownFileType = sourcecode.c.objc; path = SMTextLayout.m; sourceTree = "<group>"; };
		F46AF4841DE6F06A0067BBA7 /* SMTextContainer.h */ = {isa = PBXFileReference; fileEncoding = 4; lastKnownFileType = sourcecode.c.h; path = SMTextContainer.h; sourceTree = "<group>"; };
		F46AF4851DE6F06A0067BBA7 /* SMTextContainer.m */ = {isa = PBXFileReference; fileEncoding = 4; lastKnownFileType = sourcecode.c.objc; path = SMTextContainer.m; sourceTree = "<group>"; };
		F46AF4871DE6F08F0067BBA7 /* SMTextStorage.h */ = {isa = PBXFileReference; fileEncoding = 4; lastKnownFileType = sourcecode.c.h; path = SMTextStorage.h; sourceTree = "<group>"; };
		F46AF4881DE6F08F0067BBA7 /* SMTextStorage.m */ = {isa = PBXFileReference; fileEncoding = 4; lastKnownFileType = sourcecode.c.objc; path = SMTextStorage.m; sourceTree = "<group>"; };
		F4C910351DE811BB00514987 /* SMAsyncLabel.h */ = {isa = PBXFileReference; fileEncoding = 4; lastKnownFileType = sourcecode.c.h; path = SMAsyncLabel.h; sourceTree = "<group>"; };
		F4C910361DE811BB00514987 /* SMAsyncLabel.m */ = {isa = PBXFileReference; fileEncoding = 4; lastKnownFileType = sourcecode.c.objc; path = SMAsyncLabel.m; sourceTree = "<group>"; };
/* End PBXFileReference section */

/* Begin PBXFrameworksBuildPhase section */
		F46AF4601DE6EEEA0067BBA7 /* Frameworks */ = {
			isa = PBXFrameworksBuildPhase;
			buildActionMask = 2147483647;
			files = (
			);
			runOnlyForDeploymentPostprocessing = 0;
		};
/* End PBXFrameworksBuildPhase section */

/* Begin PBXGroup section */
		F46AF45A1DE6EEEA0067BBA7 = {
			isa = PBXGroup;
			children = (
				F46AF4651DE6EEEA0067BBA7 /* SMAsyncLabel */,
				F46AF4641DE6EEEA0067BBA7 /* Products */,
			);
			sourceTree = "<group>";
		};
		F46AF4641DE6EEEA0067BBA7 /* Products */ = {
			isa = PBXGroup;
			children = (
				F46AF4631DE6EEEA0067BBA7 /* SMAsyncLabel.app */,
			);
			name = Products;
			sourceTree = "<group>";
		};
		F46AF4651DE6EEEA0067BBA7 /* SMAsyncLabel */ = {
			isa = PBXGroup;
			children = (
				F46AF47D1DE6EF0A0067BBA7 /* SMAsyncLabel */,
				F46AF4691DE6EEEA0067BBA7 /* AppDelegate.h */,
				F46AF46A1DE6EEEA0067BBA7 /* AppDelegate.m */,
				F46AF46C1DE6EEEA0067BBA7 /* ViewController.h */,
				F46AF46D1DE6EEEA0067BBA7 /* ViewController.m */,
				F46AF46F1DE6EEEA0067BBA7 /* Main.storyboard */,
				F46AF4721DE6EEEA0067BBA7 /* Assets.xcassets */,
				F46AF4741DE6EEEA0067BBA7 /* LaunchScreen.storyboard */,
				F46AF4771DE6EEEA0067BBA7 /* Info.plist */,
				F46AF4661DE6EEEA0067BBA7 /* Supporting Files */,
			);
			path = SMAsyncLabel;
			sourceTree = "<group>";
		};
		F46AF4661DE6EEEA0067BBA7 /* Supporting Files */ = {
			isa = PBXGroup;
			children = (
				F46AF4671DE6EEEA0067BBA7 /* main.m */,
			);
			name = "Supporting Files";
			sourceTree = "<group>";
		};
		F46AF47D1DE6EF0A0067BBA7 /* SMAsyncLabel */ = {
			isa = PBXGroup;
			children = (
				F4C910351DE811BB00514987 /* SMAsyncLabel.h */,
				F4C910361DE811BB00514987 /* SMAsyncLabel.m */,
				F46AF47E1DE6EF1F0067BBA7 /* SMAsyncLayer.h */,
				F46AF47F1DE6EF1F0067BBA7 /* SMAsyncLayer.m */,
				F46AF4811DE6F00B0067BBA7 /* SMTextLayout.h */,
				F46AF4821DE6F00B0067BBA7 /* SMTextLayout.m */,
				F46AF4841DE6F06A0067BBA7 /* SMTextContainer.h */,
				F46AF4851DE6F06A0067BBA7 /* SMTextContainer.m */,
				F46AF4871DE6F08F0067BBA7 /* SMTextStorage.h */,
				F46AF4881DE6F08F0067BBA7 /* SMTextStorage.m */,
			);
			path = SMAsyncLabel;
			sourceTree = "<group>";
		};
/* End PBXGroup section */

/* Begin PBXNativeTarget section */
		F46AF4621DE6EEEA0067BBA7 /* SMAsyncLabel */ = {
			isa = PBXNativeTarget;
			buildConfigurationList = F46AF47A1DE6EEEA0067BBA7 /* Build configuration list for PBXNativeTarget "SMAsyncLabel" */;
			buildPhases = (
				F46AF45F1DE6EEEA0067BBA7 /* Sources */,
				F46AF4601DE6EEEA0067BBA7 /* Frameworks */,
				F46AF4611DE6EEEA0067BBA7 /* Resources */,
			);
			buildRules = (
			);
			dependencies = (
			);
			name = SMAsyncLabel;
			productName = SMAsyncLabel;
			productReference = F46AF4631DE6EEEA0067BBA7 /* SMAsyncLabel.app */;
			productType = "com.apple.product-type.application";
		};
/* End PBXNativeTarget section */

/* Begin PBXProject section */
		F46AF45B1DE6EEEA0067BBA7 /* Project object */ = {
			isa = PBXProject;
			attributes = {
				LastUpgradeCheck = 0810;
				ORGANIZATIONNAME = simon;
				TargetAttributes = {
					F46AF4621DE6EEEA0067BBA7 = {
						CreatedOnToolsVersion = 8.1;
						ProvisioningStyle = Automatic;
					};
				};
			};
			buildConfigurationList = F46AF45E1DE6EEEA0067BBA7 /* Build configuration list for PBXProject "SMAsyncLabel" */;
			compatibilityVersion = "Xcode 3.2";
			developmentRegion = English;
			hasScannedForEncodings = 0;
			knownRegions = (
				en,
				Base,
			);
			mainGroup = F46AF45A1DE6EEEA0067BBA7;
			productRefGroup = F46AF4641DE6EEEA0067BBA7 /* Products */;
			projectDirPath = "";
			projectRoot = "";
			targets = (
				F46AF4621DE6EEEA0067BBA7 /* SMAsyncLabel */,
			);
		};
/* End PBXProject section */

/* Begin PBXResourcesBuildPhase section */
		F46AF4611DE6EEEA0067BBA7 /* Resources */ = {
			isa = PBXResourcesBuildPhase;
			buildActionMask = 2147483647;
			files = (
				F46AF4761DE6EEEA0067BBA7 /* LaunchScreen.storyboard in Resources */,
				F46AF4731DE6EEEA0067BBA7 /* Assets.xcassets in Resources */,
				F46AF4711DE6EEEA0067BBA7 /* Main.storyboard in Resources */,
			);
			runOnlyForDeploymentPostprocessing = 0;
		};
/* End PBXResourcesBuildPhase section */

/* Begin PBXSourcesBuildPhase section */
		F46AF45F1DE6EEEA0067BBA7 /* Sources */ = {
			isa = PBXSourcesBuildPhase;
			buildActionMask = 2147483647;
			files = (
				F46AF4891DE6F08F0067BBA7 /* SMTextStorage.m in Sources */,
				F46AF4801DE6EF1F0067BBA7 /* SMAsyncLayer.m in Sources */,
				F46AF4831DE6F00B0067BBA7 /* SMTextLayout.m in Sources */,
				F46AF4861DE6F06A0067BBA7 /* SMTextContainer.m in Sources */,
				F46AF46E1DE6EEEA0067BBA7 /* ViewController.m in Sources */,
				F46AF46B1DE6EEEA0067BBA7 /* AppDelegate.m in Sources */,
				F46AF4681DE6EEEA0067BBA7 /* main.m in Sources */,
				F4C910371DE811BB00514987 /* SMAsyncLabel.m in Sources */,
			);
			runOnlyForDeploymentPostprocessing = 0;
		};
/* End PBXSourcesBuildPhase section */

/* Begin PBXVariantGroup section */
		F46AF46F1DE6EEEA0067BBA7 /* Main.storyboard */ = {
			isa = PBXVariantGroup;
			children = (
				F46AF4701DE6EEEA0067BBA7 /* Base */,
			);
			name = Main.storyboard;
			sourceTree = "<group>";
		};
		F46AF4741DE6EEEA0067BBA7 /* LaunchScreen.storyboard */ = {
			isa = PBXVariantGroup;
			children = (
				F46AF4751DE6EEEA0067BBA7 /* Base */,
			);
			name = LaunchScreen.storyboard;
			sourceTree = "<group>";
		};
/* End PBXVariantGroup section */

/* Begin XCBuildConfiguration section */
		F46AF4781DE6EEEA0067BBA7 /* Debug */ = {
			isa = XCBuildConfiguration;
			buildSettings = {
				ALWAYS_SEARCH_USER_PATHS = NO;
				CLANG_ANALYZER_NONNULL = YES;
				CLANG_CXX_LANGUAGE_STANDARD = "gnu++0x";
				CLANG_CXX_LIBRARY = "libc++";
				CLANG_ENABLE_MODULES = YES;
				CLANG_ENABLE_OBJC_ARC = YES;
				CLANG_WARN_BOOL_CONVERSION = YES;
				CLANG_WARN_CONSTANT_CONVERSION = YES;
				CLANG_WARN_DIRECT_OBJC_ISA_USAGE = YES_ERROR;
				CLANG_WARN_DOCUMENTATION_COMMENTS = YES;
				CLANG_WARN_EMPTY_BODY = YES;
				CLANG_WARN_ENUM_CONVERSION = YES;
				CLANG_WARN_INFINITE_RECURSION = YES;
				CLANG_WARN_INT_CONVERSION = YES;
				CLANG_WARN_OBJC_ROOT_CLASS = YES_ERROR;
				CLANG_WARN_SUSPICIOUS_MOVES = YES;
				CLANG_WARN_UNREACHABLE_CODE = YES;
				CLANG_WARN__DUPLICATE_METHOD_MATCH = YES;
				"CODE_SIGN_IDENTITY[sdk=iphoneos*]" = "iPhone Developer";
				COPY_PHASE_STRIP = NO;
				DEBUG_INFORMATION_FORMAT = dwarf;
				ENABLE_STRICT_OBJC_MSGSEND = YES;
				ENABLE_TESTABILITY = YES;
				GCC_C_LANGUAGE_STANDARD = gnu99;
				GCC_DYNAMIC_NO_PIC = NO;
				GCC_NO_COMMON_BLOCKS = YES;
				GCC_OPTIMIZATION_LEVEL = 0;
				GCC_PREPROCESSOR_DEFINITIONS = (
					"DEBUG=1",
					"$(inherited)",
				);
				GCC_WARN_64_TO_32_BIT_CONVERSION = YES;
				GCC_WARN_ABOUT_RETURN_TYPE = YES_ERROR;
				GCC_WARN_UNDECLARED_SELECTOR = YES;
				GCC_WARN_UNINITIALIZED_AUTOS = YES_AGGRESSIVE;
				GCC_WARN_UNUSED_FUNCTION = YES;
				GCC_WARN_UNUSED_VARIABLE = YES;
				IPHONEOS_DEPLOYMENT_TARGET = 10.1;
				MTL_ENABLE_DEBUG_INFO = YES;
				ONLY_ACTIVE_ARCH = YES;
				SDKROOT = iphoneos;
			};
			name = Debug;
		};
		F46AF4791DE6EEEA0067BBA7 /* Release */ = {
			isa = XCBuildConfiguration;
			buildSettings = {
				ALWAYS_SEARCH_USER_PATHS = NO;
				CLANG_ANALYZER_NONNULL = YES;
				CLANG_CXX_LANGUAGE_STANDARD = "gnu++0x";
				CLANG_CXX_LIBRARY = "libc++";
				CLANG_ENABLE_MODULES = YES;
				CLANG_ENABLE_OBJC_ARC = YES;
				CLANG_WARN_BOOL_CONVERSION = YES;
				CLANG_WARN_CONSTANT_CONVERSION = YES;
				CLANG_WARN_DIRECT_OBJC_ISA_USAGE = YES_ERROR;
				CLANG_WARN_DOCUMENTATION_COMMENTS = YES;
				CLANG_WARN_EMPTY_BODY = YES;
				CLANG_WARN_ENUM_CONVERSION = YES;
				CLANG_WARN_INFINITE_RECURSION = YES;
				CLANG_WARN_INT_CONVERSION = YES;
				CLANG_WARN_OBJC_ROOT_CLASS = YES_ERROR;
				CLANG_WARN_SUSPICIOUS_MOVES = YES;
				CLANG_WARN_UNREACHABLE_CODE = YES;
				CLANG_WARN__DUPLICATE_METHOD_MATCH = YES;
				"CODE_SIGN_IDENTITY[sdk=iphoneos*]" = "iPhone Developer";
				COPY_PHASE_STRIP = NO;
				DEBUG_INFORMATION_FORMAT = "dwarf-with-dsym";
				ENABLE_NS_ASSERTIONS = NO;
				ENABLE_STRICT_OBJC_MSGSEND = YES;
				GCC_C_LANGUAGE_STANDARD = gnu99;
				GCC_NO_COMMON_BLOCKS = YES;
				GCC_WARN_64_TO_32_BIT_CONVERSION = YES;
				GCC_WARN_ABOUT_RETURN_TYPE = YES_ERROR;
				GCC_WARN_UNDECLARED_SELECTOR = YES;
				GCC_WARN_UNINITIALIZED_AUTOS = YES_AGGRESSIVE;
				GCC_WARN_UNUSED_FUNCTION = YES;
				GCC_WARN_UNUSED_VARIABLE = YES;
				IPHONEOS_DEPLOYMENT_TARGET = 10.1;
				MTL_ENABLE_DEBUG_INFO = NO;
				SDKROOT = iphoneos;
				VALIDATE_PRODUCT = YES;
			};
			name = Release;
		};
		F46AF47B1DE6EEEA0067BBA7 /* Debug */ = {
			isa = XCBuildConfiguration;
			buildSettings = {
				ASSETCATALOG_COMPILER_APPICON_NAME = AppIcon;
				INFOPLIST_FILE = SMAsyncLabel/Info.plist;
				LD_RUNPATH_SEARCH_PATHS = "$(inherited) @executable_path/Frameworks";
				PRODUCT_BUNDLE_IDENTIFIER = com.icoderRo.github.com.SMAsyncLabel;
				PRODUCT_NAME = "$(TARGET_NAME)";
			};
			name = Debug;
		};
		F46AF47C1DE6EEEA0067BBA7 /* Release */ = {
			isa = XCBuildConfiguration;
			buildSettings = {
				ASSETCATALOG_COMPILER_APPICON_NAME = AppIcon;
				INFOPLIST_FILE = SMAsyncLabel/Info.plist;
				LD_RUNPATH_SEARCH_PATHS = "$(inherited) @executable_path/Frameworks";
				PRODUCT_BUNDLE_IDENTIFIER = com.icoderRo.github.com.SMAsyncLabel;
				PRODUCT_NAME = "$(TARGET_NAME)";
			};
			name = Release;
		};
/* End XCBuildConfiguration section */

/* Begin XCConfigurationList section */
		F46AF45E1DE6EEEA0067BBA7 /* Build configuration list for PBXProject "SMAsyncLabel" */ = {
			isa = XCConfigurationList;
			buildConfigurations = (
				F46AF4781DE6EEEA0067BBA7 /* Debug */,
				F46AF4791DE6EEEA0067BBA7 /* Release */,
			);
			defaultConfigurationIsVisible = 0;
			defaultConfigurationName = Release;
		};
		F46AF47A1DE6EEEA0067BBA7 /* Build configuration list for PBXNativeTarget "SMAsyncLabel" */ = {
			isa = XCConfigurationList;
			buildConfigurations = (
				F46AF47B1DE6EEEA0067BBA7 /* Debug */,
				F46AF47C1DE6EEEA0067BBA7 /* Release */,
			);
			defaultConfigurationIsVisible = 0;
			defaultConfigurationName = Release;
		};
/* End XCConfigurationList section */
	};
	rootObject = F46AF45B1DE6EEEA0067BBA7 /* Project object */;
}
